
Microsoft Visual Studio Solution File, Format Version 12.00
# Visual Studio Version 17
VisualStudioVersion = 17.1.32407.343
MinimumVisualStudioVersion = 10.0.40219.1
Project("{FAE04EC0-301F-11D3-BF4B-00C04F79EFBC}") = "VTC_Webhook", "VTC_Webhook\VTC_Webhook.csproj", "{0515A878-69FC-45B4-8B4F-C8E1F8554CC6}"
EndProject
Project("{FAE04EC0-301F-11D3-BF4B-00C04F79EFBC}") = "Library", "Library\Library.csproj", "{95267409-1B17-4C1F-92C2-4F892234B220}"
EndProject
Project("{FAE04EC0-301F-11D3-BF4B-00C04F79EFBC}") = "Persistence", "Persistence\Persistence.csproj", "{EC8F4113-B8A4-4294-A8F7-94BC2D8D26DF}"
EndProject
Global
	GlobalSection(SolutionConfigurationPlatforms) = preSolution
		Debug|Any CPU = Debug|Any CPU
		Release|Any CPU = Release|Any CPU
	EndGlobalSection
	GlobalSection(ProjectConfigurationPlatforms) = postSolution
		{0515A878-69FC-45B4-8B4F-C8E1F8554CC6}.Debug|Any CPU.ActiveCfg = Debug|Any CPU
		{0515A878-69FC-45B4-8B4F-C8E1F8554CC6}.Debug|Any CPU.Build.0 = Debug|Any CPU
		{0515A878-69FC-45B4-8B4F-C8E1F8554CC6}.Release|Any CPU.ActiveCfg = Release|Any CPU
		{0515A878-69FC-45B4-8B4F-C8E1F8554CC6}.Release|Any CPU.Build.0 = Release|Any CPU
		{95267409-1B17-4C1F-92C2-4F892234B220}.Debug|Any CPU.ActiveCfg = Debug|Any CPU
		{95267409-1B17-4C1F-92C2-4F892234B220}.Debug|Any CPU.Build.0 = Debug|Any CPU
		{95267409-1B17-4C1F-92C2-4F892234B220}.Release|Any CPU.ActiveCfg = Release|Any CPU
		{95267409-1B17-4C1F-92C2-4F892234B220}.Release|Any CPU.Build.0 = Release|Any CPU
		{EC8F4113-B8A4-4294-A8F7-94BC2D8D26DF}.Debug|Any CPU.ActiveCfg = Debug|Any CPU
		{EC8F4113-B8A4-4294-A8F7-94BC2D8D26DF}.Debug|Any CPU.Build.0 = Debug|Any CPU
		{EC8F4113-B8A4-4294-A8F7-94BC2D8D26DF}.Release|Any CPU.ActiveCfg = Release|Any CPU
		{EC8F4113-B8A4-4294-A8F7-94BC2D8D26DF}.Release|Any CPU.Build.0 = Release|Any CPU
	EndGlobalSection
	GlobalSection(SolutionProperties) = preSolution
		HideSolutionNode = FALSE
	EndGlobalSection
	GlobalSection(ExtensibilityGlobals) = postSolution
		SolutionGuid = {22E5B7D5-2F46-42C8-93D7-6BFF144BF28F}
	EndGlobalSection
EndGlobal
